
Microsoft Visual Studio Solution File, Format Version 12.00
# Visual Studio Version 17
VisualStudioVersion = 17.14.36429.23 d17.14
MinimumVisualStudioVersion = 10.0.40219.1
Project("{FAE04EC0-301F-11D3-BF4B-00C04F79EFBC}") = "GetSetActionDLMS", "GetSetActionDLMS\GetSetActionDLMS.csproj", "{A583A922-645C-48EF-AFC3-B876092D7DD9}"
EndProject
Global
	GlobalSection(SolutionConfigurationPlatforms) = preSolution
		Debug|Any CPU = Debug|Any CPU
		Release|Any CPU = Release|Any CPU
	EndGlobalSection
	GlobalSection(ProjectConfigurationPlatforms) = postSolution
		{A583A922-645C-48EF-AFC3-B876092D7DD9}.Debug|Any CPU.ActiveCfg = Debug|Any CPU
		{A583A922-645C-48EF-AFC3-B876092D7DD9}.Debug|Any CPU.Build.0 = Debug|Any CPU
		{A583A922-645C-48EF-AFC3-B876092D7DD9}.Release|Any CPU.ActiveCfg = Release|Any CPU
		{A583A922-645C-48EF-AFC3-B876092D7DD9}.Release|Any CPU.Build.0 = Release|Any CPU
	EndGlobalSection
	GlobalSection(SolutionProperties) = preSolution
		HideSolutionNode = FALSE
	EndGlobalSection
	GlobalSection(ExtensibilityGlobals) = postSolution
		SolutionGuid = {D86E7B16-95C2-49FC-B64A-56C813472AA9}
	EndGlobalSection
EndGlobal
